
Microsoft Visual Studio Solution File, Format Version 12.00
# Visual Studio Version 17
VisualStudioVersion = 17.7.34221.43
MinimumVisualStudioVersion = 10.0.40219.1
Project("{2150E333-8FDC-42A3-9474-1A3956D46DE8}") = "ApiConsume", "ApiConsume", "{BB3CD12C-6B26-44AC-86D9-A999002DEDC0}"
EndProject
Project("{2150E333-8FDC-42A3-9474-1A3956D46DE8}") = "ToDoList", "ToDoList", "{12985982-16A5-468E-8526-F8457AE515FF}"
EndProject
Project("{2150E333-8FDC-42A3-9474-1A3956D46DE8}") = "FrontEnd", "FrontEnd", "{05F064EA-048A-4314-BC4A-3A1C98969BF5}"
EndProject
Project("{FAE04EC0-301F-11D3-BF4B-00C04F79EFBC}") = "HotelProject.WebApi", "ApiConsume\HotelProject.WebApi\HotelProject.WebApi.csproj", "{597B1899-E2DE-42A1-999C-512AAD3456EE}"
EndProject
Project("{FAE04EC0-301F-11D3-BF4B-00C04F79EFBC}") = "HotelProject.BusinessLayer", "ApiConsume\HotelProject.BusinessLayer\HotelProject.BusinessLayer.csproj", "{6B389A90-D21F-476B-817D-D11AA4242861}"
EndProject
Project("{FAE04EC0-301F-11D3-BF4B-00C04F79EFBC}") = "HotelProject.DataAccessLayer", "ApiConsume\HotelProject.DataAccessLayer\HotelProject.DataAccessLayer.csproj", "{CC1C5CB9-2308-4B83-B6A6-08BF1E8FF724}"
EndProject
Project("{FAE04EC0-301F-11D3-BF4B-00C04F79EFBC}") = "HotelProject.DtoLayer", "ApiConsume\HotelProject.DtoLayer\HotelProject.DtoLayer.csproj", "{0C8728E0-2364-45A5-88F4-DC6004EB2176}"
EndProject
Project("{FAE04EC0-301F-11D3-BF4B-00C04F79EFBC}") = "HotelProject.EntityLayer", "ApiConsume\HotelProject.EntityLayer\HotelProject.EntityLayer.csproj", "{C357F091-3807-4AAF-926D-587D288AD4F7}"
EndProject
Project("{FAE04EC0-301F-11D3-BF4B-00C04F79EFBC}") = "HotelProject.WebUI", "FrontEnd\HotelProject.WebUI\HotelProject.WebUI.csproj", "{3EEA82F7-BFB7-462E-949B-D43EB80B5C5E}"
EndProject
Global
	GlobalSection(SolutionConfigurationPlatforms) = preSolution
		Debug|Any CPU = Debug|Any CPU
		Release|Any CPU = Release|Any CPU
	EndGlobalSection
	GlobalSection(ProjectConfigurationPlatforms) = postSolution
		{597B1899-E2DE-42A1-999C-512AAD3456EE}.Debug|Any CPU.ActiveCfg = Debug|Any CPU
		{597B1899-E2DE-42A1-999C-512AAD3456EE}.Debug|Any CPU.Build.0 = Debug|Any CPU
		{597B1899-E2DE-42A1-999C-512AAD3456EE}.Release|Any CPU.ActiveCfg = Release|Any CPU
		{597B1899-E2DE-42A1-999C-512AAD3456EE}.Release|Any CPU.Build.0 = Release|Any CPU
		{6B389A90-D21F-476B-817D-D11AA4242861}.Debug|Any CPU.ActiveCfg = Debug|Any CPU
		{6B389A90-D21F-476B-817D-D11AA4242861}.Debug|Any CPU.Build.0 = Debug|Any CPU
		{6B389A90-D21F-476B-817D-D11AA4242861}.Release|Any CPU.ActiveCfg = Release|Any CPU
		{6B389A90-D21F-476B-817D-D11AA4242861}.Release|Any CPU.Build.0 = Release|Any CPU
		{CC1C5CB9-2308-4B83-B6A6-08BF1E8FF724}.Debug|Any CPU.ActiveCfg = Debug|Any CPU
		{CC1C5CB9-2308-4B83-B6A6-08BF1E8FF724}.Debug|Any CPU.Build.0 = Debug|Any CPU
		{CC1C5CB9-2308-4B83-B6A6-08BF1E8FF724}.Release|Any CPU.ActiveCfg = Release|Any CPU
		{CC1C5CB9-2308-4B83-B6A6-08BF1E8FF724}.Release|Any CPU.Build.0 = Release|Any CPU
		{0C8728E0-2364-45A5-88F4-DC6004EB2176}.Debug|Any CPU.ActiveCfg = Debug|Any CPU
		{0C8728E0-2364-45A5-88F4-DC6004EB2176}.Debug|Any CPU.Build.0 = Debug|Any CPU
		{0C8728E0-2364-45A5-88F4-DC6004EB2176}.Release|Any CPU.ActiveCfg = Release|Any CPU
		{0C8728E0-2364-45A5-88F4-DC6004EB2176}.Release|Any CPU.Build.0 = Release|Any CPU
		{C357F091-3807-4AAF-926D-587D288AD4F7}.Debug|Any CPU.ActiveCfg = Debug|Any CPU
		{C357F091-3807-4AAF-926D-587D288AD4F7}.Debug|Any CPU.Build.0 = Debug|Any CPU
		{C357F091-3807-4AAF-926D-587D288AD4F7}.Release|Any CPU.ActiveCfg = Release|Any CPU
		{C357F091-3807-4AAF-926D-587D288AD4F7}.Release|Any CPU.Build.0 = Release|Any CPU
		{3EEA82F7-BFB7-462E-949B-D43EB80B5C5E}.Debug|Any CPU.ActiveCfg = Debug|Any CPU
		{3EEA82F7-BFB7-462E-949B-D43EB80B5C5E}.Debug|Any CPU.Build.0 = Debug|Any CPU
		{3EEA82F7-BFB7-462E-949B-D43EB80B5C5E}.Release|Any CPU.ActiveCfg = Release|Any CPU
		{3EEA82F7-BFB7-462E-949B-D43EB80B5C5E}.Release|Any CPU.Build.0 = Release|Any CPU
	EndGlobalSection
	GlobalSection(SolutionProperties) = preSolution
		HideSolutionNode = FALSE
	EndGlobalSection
	GlobalSection(NestedProjects) = preSolution
		{597B1899-E2DE-42A1-999C-512AAD3456EE} = {BB3CD12C-6B26-44AC-86D9-A999002DEDC0}
		{6B389A90-D21F-476B-817D-D11AA4242861} = {BB3CD12C-6B26-44AC-86D9-A999002DEDC0}
		{CC1C5CB9-2308-4B83-B6A6-08BF1E8FF724} = {BB3CD12C-6B26-44AC-86D9-A999002DEDC0}
		{0C8728E0-2364-45A5-88F4-DC6004EB2176} = {BB3CD12C-6B26-44AC-86D9-A999002DEDC0}
		{C357F091-3807-4AAF-926D-587D288AD4F7} = {BB3CD12C-6B26-44AC-86D9-A999002DEDC0}
		{3EEA82F7-BFB7-462E-949B-D43EB80B5C5E} = {05F064EA-048A-4314-BC4A-3A1C98969BF5}
	EndGlobalSection
	GlobalSection(ExtensibilityGlobals) = postSolution
		SolutionGuid = {09D81E76-31EA-4452-9886-8C902898E7AC}
	EndGlobalSection
EndGlobal
